
Microsoft Visual Studio Solution File, Format Version 10.00
# Visual Studio 2008
Project("{FAE04EC0-301F-11D3-BF4B-00C04F79EFBC}") = "mbe", "mbe\mbe.csproj", "{B4092A7D-6863-4FB5-B79D-47E324D94F2C}"
EndProject
Global
	GlobalSection(SolutionConfigurationPlatforms) = preSolution
		Debug|Any CPU = Debug|Any CPU
		Release|Any CPU = Release|Any CPU
	EndGlobalSection
	GlobalSection(ProjectConfigurationPlatforms) = postSolution
		{B4092A7D-6863-4FB5-B79D-47E324D94F2C}.Debug|Any CPU.ActiveCfg = Debug|Any CPU
		{B4092A7D-6863-4FB5-B79D-47E324D94F2C}.Debug|Any CPU.Build.0 = Debug|Any CPU
		{B4092A7D-6863-4FB5-B79D-47E324D94F2C}.Release|Any CPU.ActiveCfg = Release|Any CPU
		{B4092A7D-6863-4FB5-B79D-47E324D94F2C}.Release|Any CPU.Build.0 = Release|Any CPU
	EndGlobalSection
	GlobalSection(SolutionProperties) = preSolution
		HideSolutionNode = FALSE
	EndGlobalSection
EndGlobal
