Microsoft Visual Studio Solution File, Format Version 8.00
Project("{8BC9CEB8-8B4A-11D0-8D11-00A0C91BC942}") = "GIO", "GIO.vcproj", "{919500DA-C46D-4701-B56A-305381AD82AF}"
	ProjectSection(ProjectDependencies) = postProject
	EndProjectSection
EndProject
Global
	GlobalSection(SolutionConfiguration) = preSolution
		Debug = Debug
		Release = Release
	EndGlobalSection
	GlobalSection(ProjectConfiguration) = postSolution
		{919500DA-C46D-4701-B56A-305381AD82AF}.Debug.ActiveCfg = Debug|Win32
		{919500DA-C46D-4701-B56A-305381AD82AF}.Debug.Build.0 = Debug|Win32
		{919500DA-C46D-4701-B56A-305381AD82AF}.Release.ActiveCfg = Release|Win32
		{919500DA-C46D-4701-B56A-305381AD82AF}.Release.Build.0 = Release|Win32
	EndGlobalSection
	GlobalSection(ExtensibilityGlobals) = postSolution
	EndGlobalSection
	GlobalSection(ExtensibilityAddIns) = postSolution
	EndGlobalSection
EndGlobal
